
Microsoft Visual Studio Solution File, Format Version 12.00
# Visual Studio Version 17
VisualStudioVersion = 17.3.32901.215
MinimumVisualStudioVersion = 10.0.40219.1
Project("{FAE04EC0-301F-11D3-BF4B-00C04F79EFBC}") = "Devpack.Swagger.Extensions", "src\Devpack.Swagger.Extensions\Devpack.Swagger.Extensions.csproj", "{65211D1D-360C-4C4A-8AEE-6021C562198F}"
EndProject
Project("{FAE04EC0-301F-11D3-BF4B-00C04F79EFBC}") = "Devpack.Swagger.Extensions.Tests", "src\Devpack.Swagger.Extensions.Tests\Devpack.Swagger.Extensions.Tests.csproj", "{5D5C3E80-AB0B-4FD6-8C76-453F81C154D2}"
EndProject
Project("{2150E333-8FDC-42A3-9474-1A3956D46DE8}") = "Solution Items", "Solution Items", "{9D429047-5B39-4CF1-8AC7-B999359D3E2A}"
	ProjectSection(SolutionItems) = preProject
		CHANGELOG.md = CHANGELOG.md
		README.md = README.md
	EndProjectSection
EndProject
Global
	GlobalSection(SolutionConfigurationPlatforms) = preSolution
		Debug|Any CPU = Debug|Any CPU
		Release|Any CPU = Release|Any CPU
	EndGlobalSection
	GlobalSection(ProjectConfigurationPlatforms) = postSolution
		{65211D1D-360C-4C4A-8AEE-6021C562198F}.Debug|Any CPU.ActiveCfg = Debug|Any CPU
		{65211D1D-360C-4C4A-8AEE-6021C562198F}.Debug|Any CPU.Build.0 = Debug|Any CPU
		{65211D1D-360C-4C4A-8AEE-6021C562198F}.Release|Any CPU.ActiveCfg = Release|Any CPU
		{65211D1D-360C-4C4A-8AEE-6021C562198F}.Release|Any CPU.Build.0 = Release|Any CPU
		{5D5C3E80-AB0B-4FD6-8C76-453F81C154D2}.Debug|Any CPU.ActiveCfg = Debug|Any CPU
		{5D5C3E80-AB0B-4FD6-8C76-453F81C154D2}.Debug|Any CPU.Build.0 = Debug|Any CPU
		{5D5C3E80-AB0B-4FD6-8C76-453F81C154D2}.Release|Any CPU.ActiveCfg = Release|Any CPU
		{5D5C3E80-AB0B-4FD6-8C76-453F81C154D2}.Release|Any CPU.Build.0 = Release|Any CPU
	EndGlobalSection
	GlobalSection(SolutionProperties) = preSolution
		HideSolutionNode = FALSE
	EndGlobalSection
	GlobalSection(ExtensibilityGlobals) = postSolution
		SolutionGuid = {D92321A2-AA5C-4080-AEC5-8DC82E7541C2}
	EndGlobalSection
EndGlobal
